
Microsoft Visual Studio Solution File, Format Version 12.00
# Visual Studio 15
VisualStudioVersion = 15.0.27130.2027
MinimumVisualStudioVersion = 10.0.40219.1
Project("{9A19103F-16F7-4668-BE54-9A1E7A4F7556}") = "SingleSignOn.API", "SingleSignOn.API\SingleSignOn.API.csproj", "{D6C32055-33D7-4D5E-BA51-B52E4E9C3796}"
EndProject
Project("{9A19103F-16F7-4668-BE54-9A1E7A4F7556}") = "SingleSignOn.WebTest", "SingleSignOn.WebTest\SingleSignOn.WebTest.csproj", "{5B04EB94-E0ED-4436-A25E-EA39B9D6E6F8}"
EndProject
Project("{FAE04EC0-301F-11D3-BF4B-00C04F79EFBC}") = "SingleSignOn.DataAccess", "SingleSignOn.DataAccess\SingleSignOn.DataAccess.csproj", "{23A5AB77-460D-4DA8-95FE-E2A507E68241}"
EndProject
Project("{FAE04EC0-301F-11D3-BF4B-00C04F79EFBC}") = "SingleSignOn.Middleware", "SingleSignOn.Middleware\SingleSignOn.Middleware.csproj", "{DF640F80-3E1E-46E4-A965-940AB2AA4D2E}"
EndProject
Project("{FAE04EC0-301F-11D3-BF4B-00C04F79EFBC}") = "SingleSignOn.Entities", "SingleSignOn.Entities\SingleSignOn.Entities.csproj", "{A0F347A7-0E20-4042-BD14-2AAE06FE8B83}"
EndProject
Project("{FAE04EC0-301F-11D3-BF4B-00C04F79EFBC}") = "SingleSignOn.BusinessLogic", "SingleSignOn.BusinessLogic\SingleSignOn.BusinessLogic.csproj", "{54E59A4F-7A61-47F1-9E79-46DA4D2B8840}"
EndProject
Project("{FAE04EC0-301F-11D3-BF4B-00C04F79EFBC}") = "SingleSignOn.Configuration", "SingleSignOn.Configuration\SingleSignOn.Configuration.csproj", "{75976B66-F230-4636-86DF-717A69754478}"
EndProject
Project("{FAE04EC0-301F-11D3-BF4B-00C04F79EFBC}") = "DbUp", "DbUp\DbUp.csproj", "{E6C2E4E9-00E5-4EEE-B165-A73A47B38FF1}"
EndProject
Project("{9A19103F-16F7-4668-BE54-9A1E7A4F7556}") = "SingleSignOn.Common", "SingleSignOn.Common\SingleSignOn.Common.csproj", "{1CCB4159-0E3D-452F-AC72-160F26D47333}"
EndProject
Global
	GlobalSection(SolutionConfigurationPlatforms) = preSolution
		Debug|Any CPU = Debug|Any CPU
		Release|Any CPU = Release|Any CPU
	EndGlobalSection
	GlobalSection(ProjectConfigurationPlatforms) = postSolution
		{D6C32055-33D7-4D5E-BA51-B52E4E9C3796}.Debug|Any CPU.ActiveCfg = Debug|Any CPU
		{D6C32055-33D7-4D5E-BA51-B52E4E9C3796}.Debug|Any CPU.Build.0 = Debug|Any CPU
		{D6C32055-33D7-4D5E-BA51-B52E4E9C3796}.Release|Any CPU.ActiveCfg = Release|Any CPU
		{D6C32055-33D7-4D5E-BA51-B52E4E9C3796}.Release|Any CPU.Build.0 = Release|Any CPU
		{5B04EB94-E0ED-4436-A25E-EA39B9D6E6F8}.Debug|Any CPU.ActiveCfg = Debug|Any CPU
		{5B04EB94-E0ED-4436-A25E-EA39B9D6E6F8}.Debug|Any CPU.Build.0 = Debug|Any CPU
		{5B04EB94-E0ED-4436-A25E-EA39B9D6E6F8}.Release|Any CPU.ActiveCfg = Release|Any CPU
		{5B04EB94-E0ED-4436-A25E-EA39B9D6E6F8}.Release|Any CPU.Build.0 = Release|Any CPU
		{23A5AB77-460D-4DA8-95FE-E2A507E68241}.Debug|Any CPU.ActiveCfg = Debug|Any CPU
		{23A5AB77-460D-4DA8-95FE-E2A507E68241}.Debug|Any CPU.Build.0 = Debug|Any CPU
		{23A5AB77-460D-4DA8-95FE-E2A507E68241}.Release|Any CPU.ActiveCfg = Release|Any CPU
		{23A5AB77-460D-4DA8-95FE-E2A507E68241}.Release|Any CPU.Build.0 = Release|Any CPU
		{DF640F80-3E1E-46E4-A965-940AB2AA4D2E}.Debug|Any CPU.ActiveCfg = Debug|Any CPU
		{DF640F80-3E1E-46E4-A965-940AB2AA4D2E}.Debug|Any CPU.Build.0 = Debug|Any CPU
		{DF640F80-3E1E-46E4-A965-940AB2AA4D2E}.Release|Any CPU.ActiveCfg = Release|Any CPU
		{DF640F80-3E1E-46E4-A965-940AB2AA4D2E}.Release|Any CPU.Build.0 = Release|Any CPU
		{A0F347A7-0E20-4042-BD14-2AAE06FE8B83}.Debug|Any CPU.ActiveCfg = Debug|Any CPU
		{A0F347A7-0E20-4042-BD14-2AAE06FE8B83}.Debug|Any CPU.Build.0 = Debug|Any CPU
		{A0F347A7-0E20-4042-BD14-2AAE06FE8B83}.Release|Any CPU.ActiveCfg = Release|Any CPU
		{A0F347A7-0E20-4042-BD14-2AAE06FE8B83}.Release|Any CPU.Build.0 = Release|Any CPU
		{54E59A4F-7A61-47F1-9E79-46DA4D2B8840}.Debug|Any CPU.ActiveCfg = Debug|Any CPU
		{54E59A4F-7A61-47F1-9E79-46DA4D2B8840}.Debug|Any CPU.Build.0 = Debug|Any CPU
		{54E59A4F-7A61-47F1-9E79-46DA4D2B8840}.Release|Any CPU.ActiveCfg = Release|Any CPU
		{54E59A4F-7A61-47F1-9E79-46DA4D2B8840}.Release|Any CPU.Build.0 = Release|Any CPU
		{75976B66-F230-4636-86DF-717A69754478}.Debug|Any CPU.ActiveCfg = Debug|Any CPU
		{75976B66-F230-4636-86DF-717A69754478}.Debug|Any CPU.Build.0 = Debug|Any CPU
		{75976B66-F230-4636-86DF-717A69754478}.Release|Any CPU.ActiveCfg = Release|Any CPU
		{75976B66-F230-4636-86DF-717A69754478}.Release|Any CPU.Build.0 = Release|Any CPU
		{E6C2E4E9-00E5-4EEE-B165-A73A47B38FF1}.Debug|Any CPU.ActiveCfg = Debug|Any CPU
		{E6C2E4E9-00E5-4EEE-B165-A73A47B38FF1}.Debug|Any CPU.Build.0 = Debug|Any CPU
		{E6C2E4E9-00E5-4EEE-B165-A73A47B38FF1}.Release|Any CPU.ActiveCfg = Release|Any CPU
		{E6C2E4E9-00E5-4EEE-B165-A73A47B38FF1}.Release|Any CPU.Build.0 = Release|Any CPU
		{1CCB4159-0E3D-452F-AC72-160F26D47333}.Debug|Any CPU.ActiveCfg = Debug|Any CPU
		{1CCB4159-0E3D-452F-AC72-160F26D47333}.Debug|Any CPU.Build.0 = Debug|Any CPU
		{1CCB4159-0E3D-452F-AC72-160F26D47333}.Release|Any CPU.ActiveCfg = Release|Any CPU
		{1CCB4159-0E3D-452F-AC72-160F26D47333}.Release|Any CPU.Build.0 = Release|Any CPU
	EndGlobalSection
	GlobalSection(SolutionProperties) = preSolution
		HideSolutionNode = FALSE
	EndGlobalSection
	GlobalSection(ExtensibilityGlobals) = postSolution
		SolutionGuid = {92622CA1-2B45-4F0C-8A5A-82E89EEE2317}
	EndGlobalSection
EndGlobal
